
Microsoft Visual Studio Solution File, Format Version 12.00
# Visual Studio Version 17
VisualStudioVersion = 17.7.34003.232
MinimumVisualStudioVersion = 10.0.40219.1
Project("{FAE04EC0-301F-11D3-BF4B-00C04F79EFBC}") = "emlak forum uyg", "emlak forum uyg\emlak forum uyg.csproj", "{E0FC6CB5-2CD1-491D-91CC-EE35FE05D7FD}"
EndProject
Global
	GlobalSection(SolutionConfigurationPlatforms) = preSolution
		Debug|Any CPU = Debug|Any CPU
		Release|Any CPU = Release|Any CPU
	EndGlobalSection
	GlobalSection(ProjectConfigurationPlatforms) = postSolution
		{E0FC6CB5-2CD1-491D-91CC-EE35FE05D7FD}.Debug|Any CPU.ActiveCfg = Debug|Any CPU
		{E0FC6CB5-2CD1-491D-91CC-EE35FE05D7FD}.Debug|Any CPU.Build.0 = Debug|Any CPU
		{E0FC6CB5-2CD1-491D-91CC-EE35FE05D7FD}.Release|Any CPU.ActiveCfg = Release|Any CPU
		{E0FC6CB5-2CD1-491D-91CC-EE35FE05D7FD}.Release|Any CPU.Build.0 = Release|Any CPU
	EndGlobalSection
	GlobalSection(SolutionProperties) = preSolution
		HideSolutionNode = FALSE
	EndGlobalSection
	GlobalSection(ExtensibilityGlobals) = postSolution
		SolutionGuid = {E221B134-FAFC-486D-9104-6A1C858A47DB}
	EndGlobalSection
EndGlobal
